
Microsoft Visual Studio Solution File, Format Version 12.00
# Visual Studio Version 16
VisualStudioVersion = 16.0.810.6
MinimumVisualStudioVersion = 10.0.40219.1
Project("{FAE04EC0-301F-11D3-BF4B-00C04F79EFBC}") = "RangeTracker.Android", "RangeTracker.Android\RangeTracker.Android.csproj", "{020B7E17-6D4B-482C-946D-77ED4875F82E}"
EndProject
Project("{FAE04EC0-301F-11D3-BF4B-00C04F79EFBC}") = "RangeTracker.iOS", "RangeTracker.iOS\RangeTracker.iOS.csproj", "{9A54E166-F6C1-4072-A65A-F30BF0ED514C}"
EndProject
Project("{FAE04EC0-301F-11D3-BF4B-00C04F79EFBC}") = "RangeTracker", "RangeTracker\RangeTracker.csproj", "{1E3853D6-819E-498F-B45C-E117D833C7CF}"
EndProject
Global
	GlobalSection(SolutionConfigurationPlatforms) = preSolution
		Debug|Any CPU = Debug|Any CPU
		Release|Any CPU = Release|Any CPU
		Debug|iPhoneSimulator = Debug|iPhoneSimulator
		Release|iPhoneSimulator = Release|iPhoneSimulator
		Debug|iPhone = Debug|iPhone
		Release|iPhone = Release|iPhone
	EndGlobalSection
	GlobalSection(ProjectConfigurationPlatforms) = postSolution
		{020B7E17-6D4B-482C-946D-77ED4875F82E}.Debug|Any CPU.ActiveCfg = Debug|Any CPU
		{020B7E17-6D4B-482C-946D-77ED4875F82E}.Debug|Any CPU.Build.0 = Debug|Any CPU
		{020B7E17-6D4B-482C-946D-77ED4875F82E}.Release|Any CPU.ActiveCfg = Release|Any CPU
		{020B7E17-6D4B-482C-946D-77ED4875F82E}.Release|Any CPU.Build.0 = Release|Any CPU
		{020B7E17-6D4B-482C-946D-77ED4875F82E}.Debug|iPhoneSimulator.ActiveCfg = Debug|Any CPU
		{020B7E17-6D4B-482C-946D-77ED4875F82E}.Debug|iPhoneSimulator.Build.0 = Debug|Any CPU
		{020B7E17-6D4B-482C-946D-77ED4875F82E}.Release|iPhoneSimulator.ActiveCfg = Release|Any CPU
		{020B7E17-6D4B-482C-946D-77ED4875F82E}.Release|iPhoneSimulator.Build.0 = Release|Any CPU
		{020B7E17-6D4B-482C-946D-77ED4875F82E}.Debug|iPhone.ActiveCfg = Debug|Any CPU
		{020B7E17-6D4B-482C-946D-77ED4875F82E}.Debug|iPhone.Build.0 = Debug|Any CPU
		{020B7E17-6D4B-482C-946D-77ED4875F82E}.Release|iPhone.ActiveCfg = Release|Any CPU
		{020B7E17-6D4B-482C-946D-77ED4875F82E}.Release|iPhone.Build.0 = Release|Any CPU
		{9A54E166-F6C1-4072-A65A-F30BF0ED514C}.Debug|Any CPU.ActiveCfg = Debug|iPhoneSimulator
		{9A54E166-F6C1-4072-A65A-F30BF0ED514C}.Debug|Any CPU.Build.0 = Debug|iPhoneSimulator
		{9A54E166-F6C1-4072-A65A-F30BF0ED514C}.Release|Any CPU.ActiveCfg = Release|iPhoneSimulator
		{9A54E166-F6C1-4072-A65A-F30BF0ED514C}.Release|Any CPU.Build.0 = Release|iPhoneSimulator
		{9A54E166-F6C1-4072-A65A-F30BF0ED514C}.Debug|iPhoneSimulator.ActiveCfg = Debug|iPhoneSimulator
		{9A54E166-F6C1-4072-A65A-F30BF0ED514C}.Debug|iPhoneSimulator.Build.0 = Debug|iPhoneSimulator
		{9A54E166-F6C1-4072-A65A-F30BF0ED514C}.Release|iPhoneSimulator.ActiveCfg = Release|iPhoneSimulator
		{9A54E166-F6C1-4072-A65A-F30BF0ED514C}.Release|iPhoneSimulator.Build.0 = Release|iPhoneSimulator
		{9A54E166-F6C1-4072-A65A-F30BF0ED514C}.Debug|iPhone.ActiveCfg = Debug|iPhone
		{9A54E166-F6C1-4072-A65A-F30BF0ED514C}.Debug|iPhone.Build.0 = Debug|iPhone
		{9A54E166-F6C1-4072-A65A-F30BF0ED514C}.Release|iPhone.ActiveCfg = Release|iPhone
		{9A54E166-F6C1-4072-A65A-F30BF0ED514C}.Release|iPhone.Build.0 = Release|iPhone
		{1E3853D6-819E-498F-B45C-E117D833C7CF}.Debug|Any CPU.ActiveCfg = Debug|Any CPU
		{1E3853D6-819E-498F-B45C-E117D833C7CF}.Debug|Any CPU.Build.0 = Debug|Any CPU
		{1E3853D6-819E-498F-B45C-E117D833C7CF}.Release|Any CPU.ActiveCfg = Release|Any CPU
		{1E3853D6-819E-498F-B45C-E117D833C7CF}.Release|Any CPU.Build.0 = Release|Any CPU
		{1E3853D6-819E-498F-B45C-E117D833C7CF}.Debug|iPhoneSimulator.ActiveCfg = Debug|Any CPU
		{1E3853D6-819E-498F-B45C-E117D833C7CF}.Debug|iPhoneSimulator.Build.0 = Debug|Any CPU
		{1E3853D6-819E-498F-B45C-E117D833C7CF}.Release|iPhoneSimulator.ActiveCfg = Release|Any CPU
		{1E3853D6-819E-498F-B45C-E117D833C7CF}.Release|iPhoneSimulator.Build.0 = Release|Any CPU
		{1E3853D6-819E-498F-B45C-E117D833C7CF}.Debug|iPhone.ActiveCfg = Debug|Any CPU
		{1E3853D6-819E-498F-B45C-E117D833C7CF}.Debug|iPhone.Build.0 = Debug|Any CPU
		{1E3853D6-819E-498F-B45C-E117D833C7CF}.Release|iPhone.ActiveCfg = Release|Any CPU
		{1E3853D6-819E-498F-B45C-E117D833C7CF}.Release|iPhone.Build.0 = Release|Any CPU
	EndGlobalSection
	GlobalSection(SolutionProperties) = preSolution
		HideSolutionNode = FALSE
	EndGlobalSection
	GlobalSection(ExtensibilityGlobals) = postSolution
		SolutionGuid = {513BEF6E-1F50-4AD7-A472-DFF3C9F3AD9B}
	EndGlobalSection
EndGlobal
